
Microsoft Visual Studio Solution File, Format Version 12.00
# Visual Studio Version 17
VisualStudioVersion = 17.6.33723.286
MinimumVisualStudioVersion = 10.0.40219.1
Project("{FAE04EC0-301F-11D3-BF4B-00C04F79EFBC}") = "Lab_1_4", "Lab_1_4\Lab_1_4.csproj", "{E769E260-07F7-4DAB-8776-6E6AD1CF79AA}"
EndProject
Global
	GlobalSection(SolutionConfigurationPlatforms) = preSolution
		Debug|Any CPU = Debug|Any CPU
		Release|Any CPU = Release|Any CPU
	EndGlobalSection
	GlobalSection(ProjectConfigurationPlatforms) = postSolution
		{E769E260-07F7-4DAB-8776-6E6AD1CF79AA}.Debug|Any CPU.ActiveCfg = Debug|Any CPU
		{E769E260-07F7-4DAB-8776-6E6AD1CF79AA}.Debug|Any CPU.Build.0 = Debug|Any CPU
		{E769E260-07F7-4DAB-8776-6E6AD1CF79AA}.Release|Any CPU.ActiveCfg = Release|Any CPU
		{E769E260-07F7-4DAB-8776-6E6AD1CF79AA}.Release|Any CPU.Build.0 = Release|Any CPU
	EndGlobalSection
	GlobalSection(SolutionProperties) = preSolution
		HideSolutionNode = FALSE
	EndGlobalSection
	GlobalSection(ExtensibilityGlobals) = postSolution
		SolutionGuid = {9D70E0FA-6ACC-4902-B0B9-63D3BB168A07}
	EndGlobalSection
EndGlobal
