
Microsoft Visual Studio Solution File, Format Version 12.00
# Visual Studio Version 17
VisualStudioVersion = 17.8.34309.116
MinimumVisualStudioVersion = 10.0.40219.1
Project("{FAE04EC0-301F-11D3-BF4B-00C04F79EFBC}") = "Lab_4_1_var_15_30", "Lab_4_1_var_15_30\Lab_4_1_var_15_30.csproj", "{BF14EC84-3683-497C-8DAD-6B1688C66965}"
EndProject
Project("{FAE04EC0-301F-11D3-BF4B-00C04F79EFBC}") = "Lab_4_1_var_15_30Lib", "Lab_4_1_var_15_30Lib\Lab_4_1_var_15_30Lib.csproj", "{9B4FEC62-DEC9-4A79-864E-787DBE45ACDD}"
EndProject
Global
	GlobalSection(SolutionConfigurationPlatforms) = preSolution
		Debug|Any CPU = Debug|Any CPU
		Release|Any CPU = Release|Any CPU
	EndGlobalSection
	GlobalSection(ProjectConfigurationPlatforms) = postSolution
		{BF14EC84-3683-497C-8DAD-6B1688C66965}.Debug|Any CPU.ActiveCfg = Debug|Any CPU
		{BF14EC84-3683-497C-8DAD-6B1688C66965}.Debug|Any CPU.Build.0 = Debug|Any CPU
		{BF14EC84-3683-497C-8DAD-6B1688C66965}.Release|Any CPU.ActiveCfg = Release|Any CPU
		{BF14EC84-3683-497C-8DAD-6B1688C66965}.Release|Any CPU.Build.0 = Release|Any CPU
		{9B4FEC62-DEC9-4A79-864E-787DBE45ACDD}.Debug|Any CPU.ActiveCfg = Debug|Any CPU
		{9B4FEC62-DEC9-4A79-864E-787DBE45ACDD}.Debug|Any CPU.Build.0 = Debug|Any CPU
		{9B4FEC62-DEC9-4A79-864E-787DBE45ACDD}.Release|Any CPU.ActiveCfg = Release|Any CPU
		{9B4FEC62-DEC9-4A79-864E-787DBE45ACDD}.Release|Any CPU.Build.0 = Release|Any CPU
	EndGlobalSection
	GlobalSection(SolutionProperties) = preSolution
		HideSolutionNode = FALSE
	EndGlobalSection
	GlobalSection(ExtensibilityGlobals) = postSolution
		SolutionGuid = {6BF5908A-138F-4BA4-8ED1-D5A576165196}
	EndGlobalSection
EndGlobal
