
Microsoft Visual Studio Solution File, Format Version 12.00
# Visual Studio Version 17
VisualStudioVersion = 17.8.34309.116
MinimumVisualStudioVersion = 10.0.40219.1
Project("{FAE04EC0-301F-11D3-BF4B-00C04F79EFBC}") = "Lab_3_1_var_15_30", "Lab_3_1_var_15_30\Lab_3_1_var_15_30.csproj", "{A632B21E-99D5-4E15-92FB-9053D69DAB04}"
EndProject
Project("{FAE04EC0-301F-11D3-BF4B-00C04F79EFBC}") = "Lib", "Lib\Lib.csproj", "{4A24DEBC-6B35-46EA-A816-34F1FA24FCE2}"
EndProject
Global
	GlobalSection(SolutionConfigurationPlatforms) = preSolution
		Debug|Any CPU = Debug|Any CPU
		Release|Any CPU = Release|Any CPU
	EndGlobalSection
	GlobalSection(ProjectConfigurationPlatforms) = postSolution
		{A632B21E-99D5-4E15-92FB-9053D69DAB04}.Debug|Any CPU.ActiveCfg = Debug|Any CPU
		{A632B21E-99D5-4E15-92FB-9053D69DAB04}.Debug|Any CPU.Build.0 = Debug|Any CPU
		{A632B21E-99D5-4E15-92FB-9053D69DAB04}.Release|Any CPU.ActiveCfg = Release|Any CPU
		{A632B21E-99D5-4E15-92FB-9053D69DAB04}.Release|Any CPU.Build.0 = Release|Any CPU
		{4A24DEBC-6B35-46EA-A816-34F1FA24FCE2}.Debug|Any CPU.ActiveCfg = Debug|Any CPU
		{4A24DEBC-6B35-46EA-A816-34F1FA24FCE2}.Debug|Any CPU.Build.0 = Debug|Any CPU
		{4A24DEBC-6B35-46EA-A816-34F1FA24FCE2}.Release|Any CPU.ActiveCfg = Release|Any CPU
		{4A24DEBC-6B35-46EA-A816-34F1FA24FCE2}.Release|Any CPU.Build.0 = Release|Any CPU
	EndGlobalSection
	GlobalSection(SolutionProperties) = preSolution
		HideSolutionNode = FALSE
	EndGlobalSection
	GlobalSection(ExtensibilityGlobals) = postSolution
		SolutionGuid = {195123E3-3823-49DB-A6CF-8E3CD0C5B6FB}
	EndGlobalSection
EndGlobal
